
Microsoft Visual Studio Solution File, Format Version 12.00
# Visual Studio Version 17
VisualStudioVersion = 17.7.34031.279
MinimumVisualStudioVersion = 10.0.40219.1
Project("{FAE04EC0-301F-11D3-BF4B-00C04F79EFBC}") = "TrabProva", "TrabProva.csproj", "{61ECF7E7-EBB5-46D5-B164-38174EB09426}"
EndProject
Global
	GlobalSection(SolutionConfigurationPlatforms) = preSolution
		Debug|Any CPU = Debug|Any CPU
		Release|Any CPU = Release|Any CPU
	EndGlobalSection
	GlobalSection(ProjectConfigurationPlatforms) = postSolution
		{61ECF7E7-EBB5-46D5-B164-38174EB09426}.Debug|Any CPU.ActiveCfg = Debug|Any CPU
		{61ECF7E7-EBB5-46D5-B164-38174EB09426}.Debug|Any CPU.Build.0 = Debug|Any CPU
		{61ECF7E7-EBB5-46D5-B164-38174EB09426}.Release|Any CPU.ActiveCfg = Release|Any CPU
		{61ECF7E7-EBB5-46D5-B164-38174EB09426}.Release|Any CPU.Build.0 = Release|Any CPU
	EndGlobalSection
	GlobalSection(SolutionProperties) = preSolution
		HideSolutionNode = FALSE
	EndGlobalSection
	GlobalSection(ExtensibilityGlobals) = postSolution
		SolutionGuid = {A54907A0-AAF6-49DB-835B-EC3E4B157ADA}
	EndGlobalSection
EndGlobal
